{
  "version": 4,
  "terraform_version": "1.15.1",
  "serial": 27,
  "lineage": "ffde6e6b-461a-a307-ac5d-a79077744ff4",
  "outputs": {
    "ecr_repository_name": {
      "value": "whats-your-status",
      "type": "string"
    },
    "ecr_repository_url": {
      "value": "859993703623.dkr.ecr.us-east-1.amazonaws.com/whats-your-status",
      "type": "string"
    },
    "ecs_cluster_name": {
      "value": "whats-your-status-cluster",
      "type": "string"
    },
    "ecs_service_name": {
      "value": "whats-your-status-service",
      "type": "string"
    },
    "load_balancer_dns": {
      "value": "alb-2026050607564889370000000a-1959622608.us-east-1.elb.amazonaws.com",
      "type": "string"
    },
    "redis_primary_endpoint": {
      "value": "whats-your-status.xs7tdn.ng.0001.use1.cache.amazonaws.com",
      "type": "string"
    },
    "s3_bucket_id": {
      "value": "whats-your-status-storage-e84830",
      "type": "string"
    }
  },
  "resources": [
    {
      "mode": "data",
      "type": "aws_subnets",
      "name": "default",
      "provider": "provider[\"registry.terraform.io/hashicorp/aws\"]",
      "instances": [
        {
          "schema_version": 0,
          "attributes": {
            "filter": [
              {
                "name": "vpc-id",
                "values": [
                  "vpc-01de78c418d327196"
                ]
              }
            ],
            "id": "us-east-1",
            "ids": [
              "subnet-03d7c46ccad9107db",
              "subnet-01fc308962732490e",
              "subnet-032ae660c663663c9",
              "subnet-0fde7e4515d523907",
              "subnet-0d74af347cf41f208",
              "subnet-0e6de5e5c2ea363ad"
            ],
            "tags": null,
            "timeouts": null
          },
          "sensitive_attributes": [],
          "identity_schema_version": 0
        }
      ]
    },
    {
      "mode": "data",
      "type": "aws_vpc",
      "name": "default",
      "provider": "provider[\"registry.terraform.io/hashicorp/aws\"]",
      "instances": [
        {
          "schema_version": 0,
          "attributes": {
            "arn": "arn:aws:ec2:us-east-1:859993703623:vpc/vpc-01de78c418d327196",
            "cidr_block": "172.31.0.0/16",
            "cidr_block_associations": [
              {
                "association_id": "vpc-cidr-assoc-04a32566e8adc7476",
                "cidr_block": "172.31.0.0/16",
                "state": "associated"
              }
            ],
            "default": true,
            "dhcp_options_id": "dopt-03eb97f0fd5614e6b",
            "enable_dns_hostnames": true,
            "enable_dns_support": true,
            "enable_network_address_usage_metrics": false,
            "filter": null,
            "id": "vpc-01de78c418d327196",
            "instance_tenancy": "default",
            "ipv6_association_id": "",
            "ipv6_cidr_block": "",
            "main_route_table_id": "rtb-0283eae254fd869fe",
            "owner_id": "859993703623",
            "state": null,
            "tags": {},
            "timeouts": null
          },
          "sensitive_attributes": [],
          "identity_schema_version": 0
        }
      ]
    },
    {
      "mode": "managed",
      "type": "aws_cloudwatch_log_group",
      "name": "api",
      "provider": "provider[\"registry.terraform.io/hashicorp/aws\"]",
      "instances": [
        {
          "schema_version": 0,
          "attributes": {
            "arn": "arn:aws:logs:us-east-1:859993703623:log-group:/ecs/whats-your-status/api",
            "id": "/ecs/whats-your-status/api",
            "kms_key_id": "",
            "log_group_class": "STANDARD",
            "name": "/ecs/whats-your-status/api",
            "name_prefix": "",
            "retention_in_days": 14,
            "skip_destroy": false,
            "tags": {
              "Environment": "prod",
              "Project": "whats-your-status"
            },
            "tags_all": {
              "Environment": "prod",
              "Project": "whats-your-status"
            }
          },
          "sensitive_attributes": [],
          "identity_schema_version": 0,
          "private": "bnVsbA=="
        }
      ]
    },
    {
      "mode": "managed",
      "type": "aws_cloudwatch_log_group",
      "name": "worker",
      "provider": "provider[\"registry.terraform.io/hashicorp/aws\"]",
      "instances": [
        {
          "schema_version": 0,
          "attributes": {
            "arn": "arn:aws:logs:us-east-1:859993703623:log-group:/ecs/whats-your-status/worker",
            "id": "/ecs/whats-your-status/worker",
            "kms_key_id": "",
            "log_group_class": "STANDARD",
            "name": "/ecs/whats-your-status/worker",
            "name_prefix": "",
            "retention_in_days": 14,
            "skip_destroy": false,
            "tags": {
              "Environment": "prod",
              "Project": "whats-your-status"
            },
            "tags_all": {
              "Environment": "prod",
              "Project": "whats-your-status"
            }
          },
          "sensitive_attributes": [],
          "identity_schema_version": 0,
          "private": "bnVsbA=="
        }
      ]
    },
    {
      "mode": "managed",
      "type": "aws_ecr_repository",
      "name": "app",
      "provider": "provider[\"registry.terraform.io/hashicorp/aws\"]",
      "instances": [
        {
          "schema_version": 0,
          "attributes": {
            "arn": "arn:aws:ecr:us-east-1:859993703623:repository/whats-your-status",
            "encryption_configuration": [
              {
                "encryption_type": "AES256",
                "kms_key": ""
              }
            ],
            "force_delete": null,
            "id": "whats-your-status",
            "image_scanning_configuration": [
              {
                "scan_on_push": true
              }
            ],
            "image_tag_mutability": "MUTABLE",
            "name": "whats-your-status",
            "registry_id": "859993703623",
            "repository_url": "859993703623.dkr.ecr.us-east-1.amazonaws.com/whats-your-status",
            "tags": {
              "Environment": "prod",
              "Project": "whats-your-status"
            },
            "tags_all": {
              "Environment": "prod",
              "Project": "whats-your-status"
            },
            "timeouts": null
          },
          "sensitive_attributes": [],
          "identity_schema_version": 0,
          "private": "eyJlMmJmYjczMC1lY2FhLTExZTYtOGY4OC0zNDM2M2JjN2M0YzAiOnsiZGVsZXRlIjoxMjAwMDAwMDAwMDAwfX0="
        }
      ]
    },
    {
      "mode": "managed",
      "type": "aws_ecs_cluster",
      "name": "main",
      "provider": "provider[\"registry.terraform.io/hashicorp/aws\"]",
      "instances": [
        {
          "schema_version": 0,
          "attributes": {
            "arn": "arn:aws:ecs:us-east-1:859993703623:cluster/whats-your-status-cluster",
            "configuration": [],
            "id": "arn:aws:ecs:us-east-1:859993703623:cluster/whats-your-status-cluster",
            "name": "whats-your-status-cluster",
            "service_connect_defaults": [],
            "setting": [
              {
                "name": "containerInsights",
                "value": "disabled"
              }
            ],
            "tags": {
              "Environment": "prod",
              "Project": "whats-your-status"
            },
            "tags_all": {
              "Environment": "prod",
              "Project": "whats-your-status"
            }
          },
          "sensitive_attributes": [],
          "identity_schema_version": 0,
          "private": "bnVsbA=="
        }
      ]
    },
    {
      "mode": "managed",
      "type": "aws_ecs_service",
      "name": "app",
      "provider": "provider[\"registry.terraform.io/hashicorp/aws\"]",
      "instances": [
        {
          "schema_version": 1,
          "attributes": {
            "alarms": [],
            "availability_zone_rebalancing": "DISABLED",
            "capacity_provider_strategy": [],
            "cluster": "arn:aws:ecs:us-east-1:859993703623:cluster/whats-your-status-cluster",
            "deployment_circuit_breaker": [
              {
                "enable": false,
                "rollback": false
              }
            ],
            "deployment_controller": [
              {
                "type": "ECS"
              }
            ],
            "deployment_maximum_percent": 200,
            "deployment_minimum_healthy_percent": 50,
            "desired_count": 1,
            "enable_ecs_managed_tags": false,
            "enable_execute_command": false,
            "force_delete": null,
            "force_new_deployment": null,
            "health_check_grace_period_seconds": 0,
            "iam_role": "/aws-service-role/ecs.amazonaws.com/AWSServiceRoleForECS",
            "id": "arn:aws:ecs:us-east-1:859993703623:service/whats-your-status-cluster/whats-your-status-service",
            "launch_type": "FARGATE",
            "load_balancer": [
              {
                "container_name": "api",
                "container_port": 3000,
                "elb_name": "",
                "target_group_arn": "arn:aws:elasticloadbalancing:us-east-1:859993703623:targetgroup/api-20260506075640883200000005/5fef13b078c8b3db"
              }
            ],
            "name": "whats-your-status-service",
            "network_configuration": [
              {
                "assign_public_ip": true,
                "security_groups": [
                  "sg-0b2e1a844ab3a7320"
                ],
                "subnets": [
                  "subnet-01fc308962732490e",
                  "subnet-032ae660c663663c9",
                  "subnet-03d7c46ccad9107db",
                  "subnet-0d74af347cf41f208",
                  "subnet-0e6de5e5c2ea363ad",
                  "subnet-0fde7e4515d523907"
                ]
              }
            ],
            "ordered_placement_strategy": [],
            "placement_constraints": [],
            "platform_version": "LATEST",
            "propagate_tags": "NONE",
            "scheduling_strategy": "REPLICA",
            "service_connect_configuration": [],
            "service_registries": [],
            "tags": {
              "Environment": "prod",
              "Project": "whats-your-status"
            },
            "tags_all": {
              "Environment": "prod",
              "Project": "whats-your-status"
            },
            "task_definition": "arn:aws:ecs:us-east-1:859993703623:task-definition/whats-your-status-task:1",
            "timeouts": null,
            "triggers": {},
            "volume_configuration": [],
            "vpc_lattice_configurations": [],
            "wait_for_steady_state": false
          },
          "sensitive_attributes": [],
          "identity_schema_version": 0,
          "private": "eyJlMmJmYjczMC1lY2FhLTExZTYtOGY4OC0zNDM2M2JjN2M0YzAiOnsiY3JlYXRlIjoxMjAwMDAwMDAwMDAwLCJkZWxldGUiOjEyMDAwMDAwMDAwMDAsInVwZGF0ZSI6MTIwMDAwMDAwMDAwMH0sInNjaGVtYV92ZXJzaW9uIjoiMSJ9",
          "dependencies": [
            "aws_cloudwatch_log_group.api",
            "aws_cloudwatch_log_group.worker",
            "aws_ecr_repository.app",
            "aws_ecs_cluster.main",
            "aws_ecs_task_definition.app",
            "aws_elasticache_replication_group.redis",
            "aws_elasticache_subnet_group.redis",
            "aws_lb.main",
            "aws_lb_listener.http",
            "aws_lb_target_group.api",
            "aws_secretsmanager_secret.gemini",
            "aws_secretsmanager_secret.pagespeed",
            "aws_security_group.alb",
            "aws_security_group.ecs_tasks",
            "aws_security_group.redis",
            "data.aws_subnets.default",
            "data.aws_vpc.default"
          ]
        }
      ]
    },
    {
      "mode": "managed",
      "type": "aws_ecs_task_definition",
      "name": "app",
      "provider": "provider[\"registry.terraform.io/hashicorp/aws\"]",
      "instances": [
        {
          "schema_version": 1,
          "attributes": {
            "arn": "arn:aws:ecs:us-east-1:859993703623:task-definition/whats-your-status-task:1",
            "arn_without_revision": "arn:aws:ecs:us-east-1:859993703623:task-definition/whats-your-status-task",
            "container_definitions": "[{\"command\":[\"node\",\"dist/api/server.js\"],\"environment\":[{\"name\":\"HOST\",\"value\":\"0.0.0.0\"},{\"name\":\"NODE_ENV\",\"value\":\"production\"},{\"name\":\"PORT\",\"value\":\"3000\"},{\"name\":\"REDIS_URL\",\"value\":\"redis://whats-your-status.xs7tdn.ng.0001.use1.cache.amazonaws.com:6379\"}],\"essential\":true,\"image\":\"859993703623.dkr.ecr.us-east-1.amazonaws.com/whats-your-status:latest\",\"logConfiguration\":{\"logDriver\":\"awslogs\",\"options\":{\"awslogs-stream-prefix\":\"api\",\"awslogs-group\":\"/ecs/whats-your-status/api\",\"awslogs-region\":\"us-east-1\"}},\"mountPoints\":[],\"name\":\"api\",\"portMappings\":[{\"containerPort\":3000,\"hostPort\":3000,\"protocol\":\"tcp\"}],\"secrets\":[{\"name\":\"GEMINI_API_KEY\",\"valueFrom\":\"arn:aws:secretsmanager:us-east-1:859993703623:secret:whats-your-status-gemini-20260506075640878500000003-I0BIQ3\"},{\"name\":\"PAGESPEED_API_KEY\",\"valueFrom\":\"arn:aws:secretsmanager:us-east-1:859993703623:secret:whats-your-status-pagespeed-20260506075640878200000001-2eUqH9\"}],\"systemControls\":[],\"volumesFrom\":[]},{\"command\":[\"node\",\"dist/queue/worker.js\"],\"environment\":[{\"name\":\"HOST\",\"value\":\"0.0.0.0\"},{\"name\":\"NODE_ENV\",\"value\":\"production\"},{\"name\":\"PORT\",\"value\":\"3000\"},{\"name\":\"REDIS_URL\",\"value\":\"redis://whats-your-status.xs7tdn.ng.0001.use1.cache.amazonaws.com:6379\"}],\"essential\":true,\"image\":\"859993703623.dkr.ecr.us-east-1.amazonaws.com/whats-your-status:latest\",\"logConfiguration\":{\"logDriver\":\"awslogs\",\"options\":{\"awslogs-group\":\"/ecs/whats-your-status/worker\",\"awslogs-region\":\"us-east-1\",\"awslogs-stream-prefix\":\"worker\"}},\"mountPoints\":[],\"name\":\"worker\",\"portMappings\":[],\"secrets\":[{\"name\":\"GEMINI_API_KEY\",\"valueFrom\":\"arn:aws:secretsmanager:us-east-1:859993703623:secret:whats-your-status-gemini-20260506075640878500000003-I0BIQ3\"},{\"name\":\"PAGESPEED_API_KEY\",\"valueFrom\":\"arn:aws:secretsmanager:us-east-1:859993703623:secret:whats-your-status-pagespeed-20260506075640878200000001-2eUqH9\"}],\"systemControls\":[],\"volumesFrom\":[]}]",
            "cpu": "1024",
            "enable_fault_injection": false,
            "ephemeral_storage": [],
            "execution_role_arn": "arn:aws:iam::859993703623:role/LabRole",
            "family": "whats-your-status-task",
            "id": "whats-your-status-task",
            "inference_accelerator": [],
            "ipc_mode": "",
            "memory": "2048",
            "network_mode": "awsvpc",
            "pid_mode": "",
            "placement_constraints": [],
            "proxy_configuration": [],
            "requires_compatibilities": [
              "FARGATE"
            ],
            "revision": 1,
            "runtime_platform": [],
            "skip_destroy": false,
            "tags": {
              "Environment": "prod",
              "Project": "whats-your-status"
            },
            "tags_all": {
              "Environment": "prod",
              "Project": "whats-your-status"
            },
            "task_role_arn": "arn:aws:iam::859993703623:role/LabRole",
            "track_latest": false,
            "volume": []
          },
          "sensitive_attributes": [],
          "identity_schema_version": 0,
          "private": "eyJzY2hlbWFfdmVyc2lvbiI6IjEifQ==",
          "dependencies": [
            "aws_cloudwatch_log_group.api",
            "aws_cloudwatch_log_group.worker",
            "aws_ecr_repository.app",
            "aws_elasticache_replication_group.redis",
            "aws_elasticache_subnet_group.redis",
            "aws_secretsmanager_secret.gemini",
            "aws_secretsmanager_secret.pagespeed",
            "aws_security_group.alb",
            "aws_security_group.ecs_tasks",
            "aws_security_group.redis",
            "data.aws_subnets.default",
            "data.aws_vpc.default"
          ]
        }
      ]
    },
    {
      "mode": "managed",
      "type": "aws_elasticache_replication_group",
      "name": "redis",
      "provider": "provider[\"registry.terraform.io/hashicorp/aws\"]",
      "instances": [
        {
          "schema_version": 2,
          "attributes": {
            "apply_immediately": null,
            "arn": "arn:aws:elasticache:us-east-1:859993703623:replicationgroup:whats-your-status",
            "at_rest_encryption_enabled": "true",
            "auth_token": "",
            "auth_token_update_strategy": "ROTATE",
            "auto_minor_version_upgrade": "true",
            "automatic_failover_enabled": false,
            "cluster_enabled": false,
            "cluster_mode": "disabled",
            "configuration_endpoint_address": null,
            "data_tiering_enabled": false,
            "description": "Redis for whats-your-status",
            "engine": "redis",
            "engine_version": "7.1",
            "engine_version_actual": "7.1.0",
            "final_snapshot_identifier": null,
            "global_replication_group_id": null,
            "id": "whats-your-status",
            "ip_discovery": "ipv4",
            "kms_key_id": "",
            "log_delivery_configuration": [],
            "maintenance_window": "sun:06:30-sun:07:30",
            "member_clusters": [
              "whats-your-status-001"
            ],
            "multi_az_enabled": false,
            "network_type": "ipv4",
            "node_type": "cache.t4g.micro",
            "notification_topic_arn": null,
            "num_cache_clusters": 1,
            "num_node_groups": 1,
            "parameter_group_name": "default.redis7",
            "port": 6379,
            "preferred_cache_cluster_azs": null,
            "primary_endpoint_address": "whats-your-status.xs7tdn.ng.0001.use1.cache.amazonaws.com",
            "reader_endpoint_address": "whats-your-status-ro.xs7tdn.ng.0001.use1.cache.amazonaws.com",
            "replicas_per_node_group": 0,
            "replication_group_id": "whats-your-status",
            "security_group_ids": [
              "sg-0c75159c20ca55b4a"
            ],
            "security_group_names": [],
            "snapshot_arns": null,
            "snapshot_name": null,
            "snapshot_retention_limit": 0,
            "snapshot_window": "04:30-05:30",
            "subnet_group_name": "whats-your-status-redis-subnets",
            "tags": {},
            "tags_all": {},
            "timeouts": null,
            "transit_encryption_enabled": false,
            "transit_encryption_mode": "",
            "user_group_ids": []
          },
          "sensitive_attributes": [
            [
              {
                "type": "get_attr",
                "value": "auth_token"
              }
            ]
          ],
          "identity_schema_version": 0,
          "private": "eyJlMmJmYjczMC1lY2FhLTExZTYtOGY4OC0zNDM2M2JjN2M0YzAiOnsiY3JlYXRlIjozNjAwMDAwMDAwMDAwLCJkZWxldGUiOjI3MDAwMDAwMDAwMDAsInVwZGF0ZSI6MjQwMDAwMDAwMDAwMH0sInNjaGVtYV92ZXJzaW9uIjoiMiJ9",
          "dependencies": [
            "aws_elasticache_subnet_group.redis",
            "aws_security_group.alb",
            "aws_security_group.ecs_tasks",
            "aws_security_group.redis",
            "data.aws_subnets.default",
            "data.aws_vpc.default"
          ]
        }
      ]
    },
    {
      "mode": "managed",
      "type": "aws_elasticache_subnet_group",
      "name": "redis",
      "provider": "provider[\"registry.terraform.io/hashicorp/aws\"]",
      "instances": [
        {
          "schema_version": 0,
          "attributes": {
            "arn": "arn:aws:elasticache:us-east-1:859993703623:subnetgroup:whats-your-status-redis-subnets",
            "description": "Managed by Terraform",
            "id": "whats-your-status-redis-subnets",
            "name": "whats-your-status-redis-subnets",
            "subnet_ids": [
              "subnet-01fc308962732490e",
              "subnet-032ae660c663663c9",
              "subnet-03d7c46ccad9107db",
              "subnet-0d74af347cf41f208",
              "subnet-0e6de5e5c2ea363ad",
              "subnet-0fde7e4515d523907"
            ],
            "tags": {},
            "tags_all": {},
            "vpc_id": "vpc-01de78c418d327196"
          },
          "sensitive_attributes": [],
          "identity_schema_version": 0,
          "private": "bnVsbA==",
          "dependencies": [
            "data.aws_subnets.default",
            "data.aws_vpc.default"
          ]
        }
      ]
    },
    {
      "mode": "managed",
      "type": "aws_lb",
      "name": "main",
      "provider": "provider[\"registry.terraform.io/hashicorp/aws\"]",
      "instances": [
        {
          "schema_version": 0,
          "attributes": {
            "access_logs": [
              {
                "bucket": "",
                "enabled": false,
                "prefix": ""
              }
            ],
            "arn": "arn:aws:elasticloadbalancing:us-east-1:859993703623:loadbalancer/app/alb-2026050607564889370000000a/a1df532a08b749a8",
            "arn_suffix": "app/alb-2026050607564889370000000a/a1df532a08b749a8",
            "client_keep_alive": 3600,
            "connection_logs": [
              {
                "bucket": "",
                "enabled": false,
                "prefix": ""
              }
            ],
            "customer_owned_ipv4_pool": "",
            "desync_mitigation_mode": "defensive",
            "dns_name": "alb-2026050607564889370000000a-1959622608.us-east-1.elb.amazonaws.com",
            "dns_record_client_routing_policy": null,
            "drop_invalid_header_fields": false,
            "enable_cross_zone_load_balancing": true,
            "enable_deletion_protection": false,
            "enable_http2": true,
            "enable_tls_version_and_cipher_suite_headers": false,
            "enable_waf_fail_open": false,
            "enable_xff_client_port": false,
            "enable_zonal_shift": false,
            "enforce_security_group_inbound_rules_on_private_link_traffic": "",
            "id": "arn:aws:elasticloadbalancing:us-east-1:859993703623:loadbalancer/app/alb-2026050607564889370000000a/a1df532a08b749a8",
            "idle_timeout": 60,
            "internal": false,
            "ip_address_type": "ipv4",
            "ipam_pools": [],
            "load_balancer_type": "application",
            "minimum_load_balancer_capacity": [],
            "name": "alb-2026050607564889370000000a",
            "name_prefix": "alb-",
            "preserve_host_header": false,
            "security_groups": [
              "sg-04612b26caf50f3aa"
            ],
            "subnet_mapping": [
              {
                "allocation_id": "",
                "ipv6_address": "",
                "outpost_id": "",
                "private_ipv4_address": "",
                "subnet_id": "subnet-01fc308962732490e"
              },
              {
                "allocation_id": "",
                "ipv6_address": "",
                "outpost_id": "",
                "private_ipv4_address": "",
                "subnet_id": "subnet-032ae660c663663c9"
              },
              {
                "allocation_id": "",
                "ipv6_address": "",
                "outpost_id": "",
                "private_ipv4_address": "",
                "subnet_id": "subnet-03d7c46ccad9107db"
              },
              {
                "allocation_id": "",
                "ipv6_address": "",
                "outpost_id": "",
                "private_ipv4_address": "",
                "subnet_id": "subnet-0d74af347cf41f208"
              },
              {
                "allocation_id": "",
                "ipv6_address": "",
                "outpost_id": "",
                "private_ipv4_address": "",
                "subnet_id": "subnet-0e6de5e5c2ea363ad"
              },
              {
                "allocation_id": "",
                "ipv6_address": "",
                "outpost_id": "",
                "private_ipv4_address": "",
                "subnet_id": "subnet-0fde7e4515d523907"
              }
            ],
            "subnets": [
              "subnet-01fc308962732490e",
              "subnet-032ae660c663663c9",
              "subnet-03d7c46ccad9107db",
              "subnet-0d74af347cf41f208",
              "subnet-0e6de5e5c2ea363ad",
              "subnet-0fde7e4515d523907"
            ],
            "tags": {
              "Environment": "prod",
              "Name": "whats-your-status-alb",
              "Project": "whats-your-status"
            },
            "tags_all": {
              "Environment": "prod",
              "Name": "whats-your-status-alb",
              "Project": "whats-your-status"
            },
            "timeouts": null,
            "vpc_id": "vpc-01de78c418d327196",
            "xff_header_processing_mode": "append",
            "zone_id": "Z35SXDOTRQ7X7K"
          },
          "sensitive_attributes": [],
          "identity_schema_version": 0,
          "private": "eyJlMmJmYjczMC1lY2FhLTExZTYtOGY4OC0zNDM2M2JjN2M0YzAiOnsiY3JlYXRlIjo2MDAwMDAwMDAwMDAsImRlbGV0ZSI6NjAwMDAwMDAwMDAwLCJ1cGRhdGUiOjYwMDAwMDAwMDAwMH19",
          "dependencies": [
            "aws_security_group.alb",
            "data.aws_subnets.default",
            "data.aws_vpc.default"
          ]
        }
      ]
    },
    {
      "mode": "managed",
      "type": "aws_lb_listener",
      "name": "http",
      "provider": "provider[\"registry.terraform.io/hashicorp/aws\"]",
      "instances": [
        {
          "schema_version": 0,
          "attributes": {
            "alpn_policy": null,
            "arn": "arn:aws:elasticloadbalancing:us-east-1:859993703623:listener/app/alb-2026050607564889370000000a/a1df532a08b749a8/1d8fba7e6249ad44",
            "certificate_arn": null,
            "default_action": [
              {
                "authenticate_cognito": [],
                "authenticate_oidc": [],
                "fixed_response": [],
                "forward": [],
                "order": 1,
                "redirect": [],
                "target_group_arn": "arn:aws:elasticloadbalancing:us-east-1:859993703623:targetgroup/api-20260506075640883200000005/5fef13b078c8b3db",
                "type": "forward"
              }
            ],
            "id": "arn:aws:elasticloadbalancing:us-east-1:859993703623:listener/app/alb-2026050607564889370000000a/a1df532a08b749a8/1d8fba7e6249ad44",
            "load_balancer_arn": "arn:aws:elasticloadbalancing:us-east-1:859993703623:loadbalancer/app/alb-2026050607564889370000000a/a1df532a08b749a8",
            "mutual_authentication": [],
            "port": 80,
            "protocol": "HTTP",
            "routing_http_request_x_amzn_mtls_clientcert_header_name": null,
            "routing_http_request_x_amzn_mtls_clientcert_issuer_header_name": null,
            "routing_http_request_x_amzn_mtls_clientcert_leaf_header_name": null,
            "routing_http_request_x_amzn_mtls_clientcert_serial_number_header_name": null,
            "routing_http_request_x_amzn_mtls_clientcert_subject_header_name": null,
            "routing_http_request_x_amzn_mtls_clientcert_validity_header_name": null,
            "routing_http_request_x_amzn_tls_cipher_suite_header_name": null,
            "routing_http_request_x_amzn_tls_version_header_name": null,
            "routing_http_response_access_control_allow_credentials_header_value": "",
            "routing_http_response_access_control_allow_headers_header_value": "",
            "routing_http_response_access_control_allow_methods_header_value": "",
            "routing_http_response_access_control_allow_origin_header_value": "",
            "routing_http_response_access_control_expose_headers_header_value": "",
            "routing_http_response_access_control_max_age_header_value": "",
            "routing_http_response_content_security_policy_header_value": "",
            "routing_http_response_server_enabled": true,
            "routing_http_response_strict_transport_security_header_value": "",
            "routing_http_response_x_content_type_options_header_value": "",
            "routing_http_response_x_frame_options_header_value": "",
            "ssl_policy": "",
            "tags": {},
            "tags_all": {},
            "tcp_idle_timeout_seconds": null,
            "timeouts": null
          },
          "sensitive_attributes": [],
          "identity_schema_version": 0,
          "private": "eyJlMmJmYjczMC1lY2FhLTExZTYtOGY4OC0zNDM2M2JjN2M0YzAiOnsiY3JlYXRlIjozMDAwMDAwMDAwMDAsInVwZGF0ZSI6MzAwMDAwMDAwMDAwfX0=",
          "dependencies": [
            "aws_lb.main",
            "aws_lb_target_group.api",
            "aws_security_group.alb",
            "data.aws_subnets.default",
            "data.aws_vpc.default"
          ]
        }
      ]
    },
    {
      "mode": "managed",
      "type": "aws_lb_target_group",
      "name": "api",
      "provider": "provider[\"registry.terraform.io/hashicorp/aws\"]",
      "instances": [
        {
          "schema_version": 0,
          "attributes": {
            "arn": "arn:aws:elasticloadbalancing:us-east-1:859993703623:targetgroup/api-20260506075640883200000005/5fef13b078c8b3db",
            "arn_suffix": "targetgroup/api-20260506075640883200000005/5fef13b078c8b3db",
            "connection_termination": null,
            "deregistration_delay": "300",
            "health_check": [
              {
                "enabled": true,
                "healthy_threshold": 2,
                "interval": 30,
                "matcher": "200",
                "path": "/health",
                "port": "traffic-port",
                "protocol": "HTTP",
                "timeout": 5,
                "unhealthy_threshold": 5
              }
            ],
            "id": "arn:aws:elasticloadbalancing:us-east-1:859993703623:targetgroup/api-20260506075640883200000005/5fef13b078c8b3db",
            "ip_address_type": "ipv4",
            "lambda_multi_value_headers_enabled": false,
            "load_balancer_arns": [
              "arn:aws:elasticloadbalancing:us-east-1:859993703623:loadbalancer/app/alb-2026050607564889370000000a/a1df532a08b749a8"
            ],
            "load_balancing_algorithm_type": "round_robin",
            "load_balancing_anomaly_mitigation": "off",
            "load_balancing_cross_zone_enabled": "use_load_balancer_configuration",
            "name": "api-20260506075640883200000005",
            "name_prefix": "api-",
            "port": 3000,
            "preserve_client_ip": null,
            "protocol": "HTTP",
            "protocol_version": "HTTP1",
            "proxy_protocol_v2": false,
            "slow_start": 0,
            "stickiness": [
              {
                "cookie_duration": 86400,
                "cookie_name": "",
                "enabled": false,
                "type": "lb_cookie"
              }
            ],
            "tags": {
              "Environment": "prod",
              "Project": "whats-your-status"
            },
            "tags_all": {
              "Environment": "prod",
              "Project": "whats-your-status"
            },
            "target_failover": [
              {
                "on_deregistration": null,
                "on_unhealthy": null
              }
            ],
            "target_group_health": [
              {
                "dns_failover": [
                  {
                    "minimum_healthy_targets_count": "1",
                    "minimum_healthy_targets_percentage": "off"
                  }
                ],
                "unhealthy_state_routing": [
                  {
                    "minimum_healthy_targets_count": 1,
                    "minimum_healthy_targets_percentage": "off"
                  }
                ]
              }
            ],
            "target_health_state": [
              {
                "enable_unhealthy_connection_termination": null,
                "unhealthy_draining_interval": null
              }
            ],
            "target_type": "ip",
            "vpc_id": "vpc-01de78c418d327196"
          },
          "sensitive_attributes": [],
          "identity_schema_version": 0,
          "private": "bnVsbA==",
          "dependencies": [
            "data.aws_vpc.default"
          ],
          "create_before_destroy": true
        }
      ]
    },
    {
      "mode": "managed",
      "type": "aws_s3_bucket",
      "name": "app",
      "provider": "provider[\"registry.terraform.io/hashicorp/aws\"]",
      "instances": [
        {
          "schema_version": 0,
          "attributes": {
            "acceleration_status": "",
            "acl": null,
            "arn": "arn:aws:s3:::whats-your-status-storage-e84830",
            "bucket": "whats-your-status-storage-e84830",
            "bucket_domain_name": "whats-your-status-storage-e84830.s3.amazonaws.com",
            "bucket_prefix": "",
            "bucket_regional_domain_name": "whats-your-status-storage-e84830.s3.us-east-1.amazonaws.com",
            "cors_rule": [],
            "force_destroy": true,
            "grant": [
              {
                "id": "d2d4a4eb5b13d60b39045d3e51c218d52cb1636d645667cb30cb843de418a55d",
                "permissions": [
                  "FULL_CONTROL"
                ],
                "type": "CanonicalUser",
                "uri": ""
              }
            ],
            "hosted_zone_id": "Z3AQBSTGFYJSTF",
            "id": "whats-your-status-storage-e84830",
            "lifecycle_rule": [],
            "logging": [],
            "object_lock_configuration": [],
            "object_lock_enabled": false,
            "policy": "",
            "region": "us-east-1",
            "replication_configuration": [],
            "request_payer": "BucketOwner",
            "server_side_encryption_configuration": [
              {
                "rule": [
                  {
                    "apply_server_side_encryption_by_default": [
                      {
                        "kms_master_key_id": "",
                        "sse_algorithm": "AES256"
                      }
                    ],
                    "bucket_key_enabled": false
                  }
                ]
              }
            ],
            "tags": {
              "Environment": "prod",
              "Project": "whats-your-status"
            },
            "tags_all": {
              "Environment": "prod",
              "Project": "whats-your-status"
            },
            "timeouts": null,
            "versioning": [
              {
                "enabled": true,
                "mfa_delete": false
              }
            ],
            "website": [],
            "website_domain": null,
            "website_endpoint": null
          },
          "sensitive_attributes": [],
          "identity_schema_version": 0,
          "private": "eyJlMmJmYjczMC1lY2FhLTExZTYtOGY4OC0zNDM2M2JjN2M0YzAiOnsiY3JlYXRlIjoxMjAwMDAwMDAwMDAwLCJkZWxldGUiOjM2MDAwMDAwMDAwMDAsInJlYWQiOjEyMDAwMDAwMDAwMDAsInVwZGF0ZSI6MTIwMDAwMDAwMDAwMH19",
          "dependencies": [
            "random_id.bucket"
          ]
        }
      ]
    },
    {
      "mode": "managed",
      "type": "aws_s3_bucket_public_access_block",
      "name": "app",
      "provider": "provider[\"registry.terraform.io/hashicorp/aws\"]",
      "instances": [
        {
          "schema_version": 0,
          "attributes": {
            "block_public_acls": true,
            "block_public_policy": true,
            "bucket": "whats-your-status-storage-e84830",
            "id": "whats-your-status-storage-e84830",
            "ignore_public_acls": true,
            "restrict_public_buckets": true
          },
          "sensitive_attributes": [],
          "identity_schema_version": 0,
          "private": "bnVsbA==",
          "dependencies": [
            "aws_s3_bucket.app",
            "random_id.bucket"
          ]
        }
      ]
    },
    {
      "mode": "managed",
      "type": "aws_s3_bucket_server_side_encryption_configuration",
      "name": "app",
      "provider": "provider[\"registry.terraform.io/hashicorp/aws\"]",
      "instances": [
        {
          "schema_version": 0,
          "attributes": {
            "bucket": "whats-your-status-storage-e84830",
            "expected_bucket_owner": "",
            "id": "whats-your-status-storage-e84830",
            "rule": [
              {
                "apply_server_side_encryption_by_default": [
                  {
                    "kms_master_key_id": "",
                    "sse_algorithm": "AES256"
                  }
                ],
                "bucket_key_enabled": false
              }
            ]
          },
          "sensitive_attributes": [],
          "identity_schema_version": 0,
          "private": "bnVsbA==",
          "dependencies": [
            "aws_s3_bucket.app",
            "random_id.bucket"
          ]
        }
      ]
    },
    {
      "mode": "managed",
      "type": "aws_s3_bucket_versioning",
      "name": "app",
      "provider": "provider[\"registry.terraform.io/hashicorp/aws\"]",
      "instances": [
        {
          "schema_version": 0,
          "attributes": {
            "bucket": "whats-your-status-storage-e84830",
            "expected_bucket_owner": "",
            "id": "whats-your-status-storage-e84830",
            "mfa": null,
            "versioning_configuration": [
              {
                "mfa_delete": "",
                "status": "Enabled"
              }
            ]
          },
          "sensitive_attributes": [],
          "identity_schema_version": 0,
          "private": "bnVsbA==",
          "dependencies": [
            "aws_s3_bucket.app",
            "random_id.bucket"
          ]
        }
      ]
    },
    {
      "mode": "managed",
      "type": "aws_secretsmanager_secret",
      "name": "gemini",
      "provider": "provider[\"registry.terraform.io/hashicorp/aws\"]",
      "instances": [
        {
          "schema_version": 0,
          "attributes": {
            "arn": "arn:aws:secretsmanager:us-east-1:859993703623:secret:whats-your-status-gemini-20260506075640878500000003-I0BIQ3",
            "description": "",
            "force_overwrite_replica_secret": false,
            "id": "arn:aws:secretsmanager:us-east-1:859993703623:secret:whats-your-status-gemini-20260506075640878500000003-I0BIQ3",
            "kms_key_id": "",
            "name": "whats-your-status-gemini-20260506075640878500000003",
            "name_prefix": "whats-your-status-gemini-",
            "policy": "",
            "recovery_window_in_days": 30,
            "replica": [],
            "tags": {
              "Environment": "prod",
              "Project": "whats-your-status"
            },
            "tags_all": {
              "Environment": "prod",
              "Project": "whats-your-status"
            }
          },
          "sensitive_attributes": [],
          "identity_schema_version": 0,
          "private": "bnVsbA=="
        }
      ]
    },
    {
      "mode": "managed",
      "type": "aws_secretsmanager_secret",
      "name": "pagespeed",
      "provider": "provider[\"registry.terraform.io/hashicorp/aws\"]",
      "instances": [
        {
          "schema_version": 0,
          "attributes": {
            "arn": "arn:aws:secretsmanager:us-east-1:859993703623:secret:whats-your-status-pagespeed-20260506075640878200000001-2eUqH9",
            "description": "",
            "force_overwrite_replica_secret": false,
            "id": "arn:aws:secretsmanager:us-east-1:859993703623:secret:whats-your-status-pagespeed-20260506075640878200000001-2eUqH9",
            "kms_key_id": "",
            "name": "whats-your-status-pagespeed-20260506075640878200000001",
            "name_prefix": "whats-your-status-pagespeed-",
            "policy": "",
            "recovery_window_in_days": 30,
            "replica": [],
            "tags": {
              "Environment": "prod",
              "Project": "whats-your-status"
            },
            "tags_all": {
              "Environment": "prod",
              "Project": "whats-your-status"
            }
          },
          "sensitive_attributes": [],
          "identity_schema_version": 0,
          "private": "bnVsbA=="
        }
      ]
    },
    {
      "mode": "managed",
      "type": "aws_secretsmanager_secret_version",
      "name": "gemini",
      "provider": "provider[\"registry.terraform.io/hashicorp/aws\"]",
      "instances": [
        {
          "schema_version": 0,
          "attributes": {
            "arn": "arn:aws:secretsmanager:us-east-1:859993703623:secret:whats-your-status-gemini-20260506075640878500000003-I0BIQ3",
            "has_secret_string_wo": null,
            "id": "arn:aws:secretsmanager:us-east-1:859993703623:secret:whats-your-status-gemini-20260506075640878500000003-I0BIQ3|terraform-20260506075643441400000008",
            "secret_binary": "",
            "secret_id": "arn:aws:secretsmanager:us-east-1:859993703623:secret:whats-your-status-gemini-20260506075640878500000003-I0BIQ3",
            "secret_string": "AIzaSyCdzF8Aj-g2OJvPi_l5bM4C7RVSZSkFKfM",
            "secret_string_wo": null,
            "secret_string_wo_version": null,
            "version_id": "terraform-20260506075643441400000008",
            "version_stages": [
              "AWSCURRENT"
            ]
          },
          "sensitive_attributes": [
            [
              {
                "type": "get_attr",
                "value": "secret_binary"
              }
            ],
            [
              {
                "type": "get_attr",
                "value": "secret_string"
              }
            ],
            [
              {
                "type": "get_attr",
                "value": "secret_string_wo"
              }
            ]
          ],
          "identity_schema_version": 0,
          "private": "bnVsbA==",
          "dependencies": [
            "aws_secretsmanager_secret.gemini"
          ]
        }
      ]
    },
    {
      "mode": "managed",
      "type": "aws_secretsmanager_secret_version",
      "name": "pagespeed",
      "provider": "provider[\"registry.terraform.io/hashicorp/aws\"]",
      "instances": [
        {
          "schema_version": 0,
          "attributes": {
            "arn": "arn:aws:secretsmanager:us-east-1:859993703623:secret:whats-your-status-pagespeed-20260506075640878200000001-2eUqH9",
            "has_secret_string_wo": null,
            "id": "arn:aws:secretsmanager:us-east-1:859993703623:secret:whats-your-status-pagespeed-20260506075640878200000001-2eUqH9|terraform-20260506075643441400000007",
            "secret_binary": "",
            "secret_id": "arn:aws:secretsmanager:us-east-1:859993703623:secret:whats-your-status-pagespeed-20260506075640878200000001-2eUqH9",
            "secret_string": "AIzaSyCmGCyiJOaKY2mtNwqycouDPvAVpb7NlLw",
            "secret_string_wo": null,
            "secret_string_wo_version": null,
            "version_id": "terraform-20260506075643441400000007",
            "version_stages": [
              "AWSCURRENT"
            ]
          },
          "sensitive_attributes": [
            [
              {
                "type": "get_attr",
                "value": "secret_binary"
              }
            ],
            [
              {
                "type": "get_attr",
                "value": "secret_string"
              }
            ],
            [
              {
                "type": "get_attr",
                "value": "secret_string_wo"
              }
            ]
          ],
          "identity_schema_version": 0,
          "private": "bnVsbA==",
          "dependencies": [
            "aws_secretsmanager_secret.pagespeed"
          ]
        }
      ]
    },
    {
      "mode": "managed",
      "type": "aws_security_group",
      "name": "alb",
      "provider": "provider[\"registry.terraform.io/hashicorp/aws\"]",
      "instances": [
        {
          "schema_version": 1,
          "attributes": {
            "arn": "arn:aws:ec2:us-east-1:859993703623:security-group/sg-04612b26caf50f3aa",
            "description": "HTTP from the internet to the ALB",
            "egress": [
              {
                "cidr_blocks": [
                  "0.0.0.0/0"
                ],
                "description": "",
                "from_port": 0,
                "ipv6_cidr_blocks": [],
                "prefix_list_ids": [],
                "protocol": "-1",
                "security_groups": [],
                "self": false,
                "to_port": 0
              }
            ],
            "id": "sg-04612b26caf50f3aa",
            "ingress": [
              {
                "cidr_blocks": [
                  "0.0.0.0/0"
                ],
                "description": "HTTP",
                "from_port": 80,
                "ipv6_cidr_blocks": [],
                "prefix_list_ids": [],
                "protocol": "tcp",
                "security_groups": [],
                "self": false,
                "to_port": 80
              }
            ],
            "name": "whats-your-status-alb-20260506075643025400000006",
            "name_prefix": "whats-your-status-alb-",
            "owner_id": "859993703623",
            "revoke_rules_on_delete": false,
            "tags": {
              "Environment": "prod",
              "Name": "whats-your-status-alb",
              "Project": "whats-your-status"
            },
            "tags_all": {
              "Environment": "prod",
              "Name": "whats-your-status-alb",
              "Project": "whats-your-status"
            },
            "timeouts": null,
            "vpc_id": "vpc-01de78c418d327196"
          },
          "sensitive_attributes": [],
          "identity_schema_version": 0,
          "private": "eyJlMmJmYjczMC1lY2FhLTExZTYtOGY4OC0zNDM2M2JjN2M0YzAiOnsiY3JlYXRlIjo2MDAwMDAwMDAwMDAsImRlbGV0ZSI6OTAwMDAwMDAwMDAwfSwic2NoZW1hX3ZlcnNpb24iOiIxIn0=",
          "dependencies": [
            "data.aws_vpc.default"
          ],
          "create_before_destroy": true
        }
      ]
    },
    {
      "mode": "managed",
      "type": "aws_security_group",
      "name": "ecs_tasks",
      "provider": "provider[\"registry.terraform.io/hashicorp/aws\"]",
      "instances": [
        {
          "schema_version": 1,
          "attributes": {
            "arn": "arn:aws:ec2:us-east-1:859993703623:security-group/sg-0b2e1a844ab3a7320",
            "description": "Fargate tasks (API + worker)",
            "egress": [
              {
                "cidr_blocks": [
                  "0.0.0.0/0"
                ],
                "description": "",
                "from_port": 0,
                "ipv6_cidr_blocks": [],
                "prefix_list_ids": [],
                "protocol": "-1",
                "security_groups": [],
                "self": false,
                "to_port": 0
              }
            ],
            "id": "sg-0b2e1a844ab3a7320",
            "ingress": [
              {
                "cidr_blocks": [],
                "description": "API from ALB",
                "from_port": 3000,
                "ipv6_cidr_blocks": [],
                "prefix_list_ids": [],
                "protocol": "tcp",
                "security_groups": [
                  "sg-04612b26caf50f3aa"
                ],
                "self": false,
                "to_port": 3000
              }
            ],
            "name": "whats-your-status-ecs-20260506075648893500000009",
            "name_prefix": "whats-your-status-ecs-",
            "owner_id": "859993703623",
            "revoke_rules_on_delete": false,
            "tags": {
              "Environment": "prod",
              "Name": "whats-your-status-ecs",
              "Project": "whats-your-status"
            },
            "tags_all": {
              "Environment": "prod",
              "Name": "whats-your-status-ecs",
              "Project": "whats-your-status"
            },
            "timeouts": null,
            "vpc_id": "vpc-01de78c418d327196"
          },
          "sensitive_attributes": [],
          "identity_schema_version": 0,
          "private": "eyJlMmJmYjczMC1lY2FhLTExZTYtOGY4OC0zNDM2M2JjN2M0YzAiOnsiY3JlYXRlIjo2MDAwMDAwMDAwMDAsImRlbGV0ZSI6OTAwMDAwMDAwMDAwfSwic2NoZW1hX3ZlcnNpb24iOiIxIn0=",
          "dependencies": [
            "aws_security_group.alb",
            "data.aws_vpc.default"
          ],
          "create_before_destroy": true
        }
      ]
    },
    {
      "mode": "managed",
      "type": "aws_security_group",
      "name": "redis",
      "provider": "provider[\"registry.terraform.io/hashicorp/aws\"]",
      "instances": [
        {
          "schema_version": 1,
          "attributes": {
            "arn": "arn:aws:ec2:us-east-1:859993703623:security-group/sg-0c75159c20ca55b4a",
            "description": "ElastiCache Redis",
            "egress": [
              {
                "cidr_blocks": [
                  "0.0.0.0/0"
                ],
                "description": "",
                "from_port": 0,
                "ipv6_cidr_blocks": [],
                "prefix_list_ids": [],
                "protocol": "-1",
                "security_groups": [],
                "self": false,
                "to_port": 0
              }
            ],
            "id": "sg-0c75159c20ca55b4a",
            "ingress": [
              {
                "cidr_blocks": [],
                "description": "Redis from ECS tasks",
                "from_port": 6379,
                "ipv6_cidr_blocks": [],
                "prefix_list_ids": [],
                "protocol": "tcp",
                "security_groups": [
                  "sg-0b2e1a844ab3a7320"
                ],
                "self": false,
                "to_port": 6379
              }
            ],
            "name": "whats-your-status-redis-2026050607565390810000000b",
            "name_prefix": "whats-your-status-redis-",
            "owner_id": "859993703623",
            "revoke_rules_on_delete": false,
            "tags": {
              "Environment": "prod",
              "Name": "whats-your-status-redis",
              "Project": "whats-your-status"
            },
            "tags_all": {
              "Environment": "prod",
              "Name": "whats-your-status-redis",
              "Project": "whats-your-status"
            },
            "timeouts": null,
            "vpc_id": "vpc-01de78c418d327196"
          },
          "sensitive_attributes": [],
          "identity_schema_version": 0,
          "private": "eyJlMmJmYjczMC1lY2FhLTExZTYtOGY4OC0zNDM2M2JjN2M0YzAiOnsiY3JlYXRlIjo2MDAwMDAwMDAwMDAsImRlbGV0ZSI6OTAwMDAwMDAwMDAwfSwic2NoZW1hX3ZlcnNpb24iOiIxIn0=",
          "dependencies": [
            "aws_security_group.alb",
            "aws_security_group.ecs_tasks",
            "data.aws_vpc.default"
          ],
          "create_before_destroy": true
        }
      ]
    },
    {
      "mode": "managed",
      "type": "random_id",
      "name": "alb",
      "provider": "provider[\"registry.terraform.io/hashicorp/random\"]",
      "instances": [
        {
          "schema_version": 0,
          "attributes": {
            "b64_std": "jTQ=",
            "b64_url": "jTQ",
            "byte_length": 2,
            "dec": "36148",
            "hex": "8d34",
            "id": "jTQ",
            "keepers": null,
            "prefix": null
          },
          "sensitive_attributes": [],
          "identity_schema_version": 0
        }
      ]
    },
    {
      "mode": "managed",
      "type": "random_id",
      "name": "bucket",
      "provider": "provider[\"registry.terraform.io/hashicorp/random\"]",
      "instances": [
        {
          "schema_version": 0,
          "attributes": {
            "b64_std": "6Egw",
            "b64_url": "6Egw",
            "byte_length": 3,
            "dec": "15222832",
            "hex": "e84830",
            "id": "6Egw",
            "keepers": null,
            "prefix": null
          },
          "sensitive_attributes": [],
          "identity_schema_version": 0
        }
      ]
    }
  ],
  "check_results": null
}
